version: 7
platforms:
- name: osx-arm64
  virtual-packages:
  - __unix=0=0
  - __osx=13.0
  - __archspec=0=m1
environments:
  default:
    channels:
    - url: https://conda.anaconda.org/conda-forge/
    indexes:
    - https://pypi.org/simple
    packages:
      osx-arm64:
      - conda: https://conda.anaconda.org/conda-forge/noarch/asgiref-3.11.1-pyhcf101f3_0.conda
      - conda: https://conda.anaconda.org/conda-forge/noarch/ca-certificates-2026.7.22-hbd8a1cb_0.conda
      - conda: https://conda.anaconda.org/conda-forge/noarch/django-6.1-pyhc364b38_0.conda
      - conda: https://conda.anaconda.org/conda-forge/noarch/importlib_resources-7.1.0-pyhd8ed1ab_0.conda
      - conda: https://conda.anaconda.org/conda-forge/noarch/nibabel-5.4.2-pyhcf101f3_0.conda
      - conda: https://conda.anaconda.org/conda-forge/noarch/packaging-26.3-pyhc364b38_0.conda
      - conda: https://conda.anaconda.org/conda-forge/noarch/python_abi-3.13-8_cp313.conda
      - conda: https://conda.anaconda.org/conda-forge/noarch/sqlparse-0.6.0-pyhcf101f3_0.conda
      - conda: https://conda.anaconda.org/conda-forge/noarch/typing_extensions-4.16.0-pyhcf101f3_0.conda
      - conda: https://conda.anaconda.org/conda-forge/noarch/tzdata-2026c-h151e31d_0.conda
      - conda: https://conda.anaconda.org/conda-forge/noarch/zipp-4.1.0-pyhcf101f3_0.conda
      - conda: https://conda.anaconda.org/conda-forge/osx-arm64/_openmp_mutex-4.5-7_kmp_llvm.conda
      - conda: https://conda.anaconda.org/conda-forge/osx-arm64/bzip2-1.0.8-h4e30115_10.conda
      - conda: https://conda.anaconda.org/conda-forge/osx-arm64/icu-78.3-py310h579977c_2.conda
      - conda: https://conda.anaconda.org/conda-forge/osx-arm64/lcms2-2.19.1-hdfa7624_1.conda
      - conda: https://conda.anaconda.org/conda-forge/osx-arm64/lerc-4.2.0-h1eee2c3_0.conda
      - conda: https://conda.anaconda.org/conda-forge/osx-arm64/libblas-3.11.0-9_h51639a9_openblas.conda
      - conda: https://conda.anaconda.org/conda-forge/osx-arm64/libcblas-3.11.0-9_hb0561ab_openblas.conda
      - conda: https://conda.anaconda.org/conda-forge/osx-arm64/libcxx-23.1.0-h55c6f16_0.conda
      - conda: https://conda.anaconda.org/conda-forge/osx-arm64/libdeflate-1.25-he7e0567_1.conda
      - conda: https://conda.anaconda.org/conda-forge/osx-arm64/libexpat-2.8.1-hf6b4638_1.conda
      - conda: https://conda.anaconda.org/conda-forge/osx-arm64/libffi-3.7.0-h47dc5ef_1.conda
      - conda: https://conda.anaconda.org/conda-forge/osx-arm64/libfreetype-2.14.3-hce30654_2.conda
      - conda: https://conda.anaconda.org/conda-forge/osx-arm64/libfreetype6-2.14.3-h2ed5691_2.conda
      - conda: https://conda.anaconda.org/conda-forge/osx-arm64/libgcc-16.2.0-h3cf6597_4.conda
      - conda: https://conda.anaconda.org/conda-forge/osx-arm64/libgfortran-16.2.0-h07b0088_4.conda
      - conda: https://conda.anaconda.org/conda-forge/osx-arm64/libgfortran5-16.2.0-hdb7a957_4.conda
      - conda: https://conda.anaconda.org/conda-forge/osx-arm64/libjpeg-turbo-3.2.0-h84a0fba_1.conda
      - conda: https://conda.anaconda.org/conda-forge/osx-arm64/liblapack-3.11.0-9_hd9741b5_openblas.conda
      - conda: https://conda.anaconda.org/conda-forge/osx-arm64/liblzma-5.8.3-h8088a28_1.conda
      - conda: https://conda.anaconda.org/conda-forge/osx-arm64/libmpdec-4.0.0-h84a0fba_2.conda
      - conda: https://conda.anaconda.org/conda-forge/osx-arm64/libopenblas-0.3.34-openmp_he657e61_0.conda
      - conda: https://conda.anaconda.org/conda-forge/osx-arm64/libpng-1.6.58-hf5e6511_1.conda
      - conda: https://conda.anaconda.org/conda-forge/osx-arm64/libsqlite-3.53.4-hca69786_1.conda
      - conda: https://conda.anaconda.org/conda-forge/osx-arm64/libtiff-4.7.2-hf67920b_1.conda
      - conda: https://conda.anaconda.org/conda-forge/osx-arm64/libwebp-base-1.6.0-h202fb40_1.conda
      - conda: https://conda.anaconda.org/conda-forge/osx-arm64/libxcb-1.17.0-hbffa61f_1.conda
      - conda: https://conda.anaconda.org/conda-forge/osx-arm64/libzlib-1.3.2-h8088a28_3.conda
      - conda: https://conda.anaconda.org/conda-forge/osx-arm64/llvm-openmp-23.1.0-hdb3d66b_0.conda
      - conda: https://conda.anaconda.org/conda-forge/osx-arm64/ncurses-6.6-he64c551_1.conda
      - conda: https://conda.anaconda.org/conda-forge/osx-arm64/numpy-2.5.2-py313hce9b930_0.conda
      - conda: https://conda.anaconda.org/conda-forge/osx-arm64/openjpeg-2.5.4-hd9e9057_0.conda
      - conda: https://conda.anaconda.org/conda-forge/osx-arm64/openssl-3.6.4-h55eecbc_0.conda
      - conda: https://conda.anaconda.org/conda-forge/osx-arm64/pillow-12.3.0-py313h45e5a15_0.conda
      - conda: https://conda.anaconda.org/conda-forge/osx-arm64/pthread-stubs-0.4-h84a0fba_1003.conda
      - conda: https://conda.anaconda.org/conda-forge/osx-arm64/python-3.13.15-hf1cfe1e_101_cp313.conda
      - conda: https://conda.anaconda.org/conda-forge/osx-arm64/readline-8.3-h8b90a29_1.conda
      - conda: https://conda.anaconda.org/conda-forge/osx-arm64/tk-8.6.13-hbeba79b_4.conda
      - conda: https://conda.anaconda.org/conda-forge/osx-arm64/xorg-libxau-1.0.12-h84a0fba_2.conda
      - conda: https://conda.anaconda.org/conda-forge/osx-arm64/xorg-libxdmcp-1.1.5-h84a0fba_2.conda
      - conda: https://conda.anaconda.org/conda-forge/osx-arm64/zlib-ng-2.3.3-h31dac16_1.conda
      - conda: https://conda.anaconda.org/conda-forge/osx-arm64/zstd-1.5.7-hf451053_7.conda
      - pypi: https://files.pythonhosted.org/packages/7e/59/c9104899b9241e45e35bbd6f51700cf7a8a96119fe454270e037ab7aa70c/pillow_avif_plugin-1.6.0-cp313-cp313-macosx_11_0_arm64.whl
  dev:
    channels:
    - url: https://conda.anaconda.org/conda-forge/
    indexes:
    - https://pypi.org/simple
    packages:
      osx-arm64:
      - conda: https://conda.anaconda.org/conda-forge/noarch/_python_abi3_support-1.0-hd8ed1ab_3.conda
      - conda: https://conda.anaconda.org/conda-forge/noarch/asgiref-3.11.1-pyhcf101f3_0.conda
      - conda: https://conda.anaconda.org/conda-forge/noarch/ca-certificates-2026.7.22-hbd8a1cb_0.conda
      - conda: https://conda.anaconda.org/conda-forge/noarch/colorama-0.4.6-pyhd8ed1ab_1.conda
      - conda: https://conda.anaconda.org/conda-forge/noarch/cpython-3.13.15-py313hd8ed1ab_101.conda
      - conda: https://conda.anaconda.org/conda-forge/noarch/django-6.1-pyhc364b38_0.conda
      - conda: https://conda.anaconda.org/conda-forge/noarch/exceptiongroup-1.3.1-pyhd8ed1ab_0.conda
      - conda: https://conda.anaconda.org/conda-forge/noarch/importlib_resources-7.1.0-pyhd8ed1ab_0.conda
      - conda: https://conda.anaconda.org/conda-forge/noarch/iniconfig-2.3.0-pyhd8ed1ab_0.conda
      - conda: https://conda.anaconda.org/conda-forge/noarch/nibabel-5.4.2-pyhcf101f3_0.conda
      - conda: https://conda.anaconda.org/conda-forge/noarch/packaging-26.3-pyhc364b38_0.conda
      - conda: https://conda.anaconda.org/conda-forge/noarch/pluggy-1.6.0-pyhf9edf01_1.conda
      - conda: https://conda.anaconda.org/conda-forge/noarch/pygments-2.21.0-pyhcf101f3_0.conda
      - conda: https://conda.anaconda.org/conda-forge/noarch/pytest-9.1.1-pyhc364b38_2.conda
      - conda: https://conda.anaconda.org/conda-forge/noarch/pytest-django-4.13.0-pyhd8ed1ab_0.conda
      - conda: https://conda.anaconda.org/conda-forge/noarch/python-gil-3.13.15-h4df99d1_101.conda
      - conda: https://conda.anaconda.org/conda-forge/noarch/python_abi-3.13-8_cp313.conda
      - conda: https://conda.anaconda.org/conda-forge/noarch/sqlparse-0.6.0-pyhcf101f3_0.conda
      - conda: https://conda.anaconda.org/conda-forge/noarch/tomli-2.4.1-pyhcf101f3_0.conda
      - conda: https://conda.anaconda.org/conda-forge/noarch/typing_extensions-4.16.0-pyhcf101f3_0.conda
      - conda: https://conda.anaconda.org/conda-forge/noarch/tzdata-2026c-h151e31d_0.conda
      - conda: https://conda.anaconda.org/conda-forge/noarch/zipp-4.1.0-pyhcf101f3_0.conda
      - conda: https://conda.anaconda.org/conda-forge/osx-arm64/_openmp_mutex-4.5-7_kmp_llvm.conda
      - conda: https://conda.anaconda.org/conda-forge/osx-arm64/bzip2-1.0.8-h4e30115_10.conda
      - conda: https://conda.anaconda.org/conda-forge/osx-arm64/icu-78.3-py310h579977c_2.conda
      - conda: https://conda.anaconda.org/conda-forge/osx-arm64/lcms2-2.19.1-hdfa7624_1.conda
      - conda: https://conda.anaconda.org/conda-forge/osx-arm64/lerc-4.2.0-h1eee2c3_0.conda
      - conda: https://conda.anaconda.org/conda-forge/osx-arm64/libblas-3.11.0-9_h51639a9_openblas.conda
      - conda: https://conda.anaconda.org/conda-forge/osx-arm64/libcblas-3.11.0-9_hb0561ab_openblas.conda
      - conda: https://conda.anaconda.org/conda-forge/osx-arm64/libcxx-23.1.0-h55c6f16_0.conda
      - conda: https://conda.anaconda.org/conda-forge/osx-arm64/libdeflate-1.25-he7e0567_1.conda
      - conda: https://conda.anaconda.org/conda-forge/osx-arm64/libexpat-2.8.1-hf6b4638_1.conda
      - conda: https://conda.anaconda.org/conda-forge/osx-arm64/libffi-3.7.0-h47dc5ef_1.conda
      - conda: https://conda.anaconda.org/conda-forge/osx-arm64/libfreetype-2.14.3-hce30654_2.conda
      - conda: https://conda.anaconda.org/conda-forge/osx-arm64/libfreetype6-2.14.3-h2ed5691_2.conda
      - conda: https://conda.anaconda.org/conda-forge/osx-arm64/libgcc-16.2.0-h3cf6597_4.conda
      - conda: https://conda.anaconda.org/conda-forge/osx-arm64/libgfortran-16.2.0-h07b0088_4.conda
      - conda: https://conda.anaconda.org/conda-forge/osx-arm64/libgfortran5-16.2.0-hdb7a957_4.conda
      - conda: https://conda.anaconda.org/conda-forge/osx-arm64/libjpeg-turbo-3.2.0-h84a0fba_1.conda
      - conda: https://conda.anaconda.org/conda-forge/osx-arm64/liblapack-3.11.0-9_hd9741b5_openblas.conda
      - conda: https://conda.anaconda.org/conda-forge/osx-arm64/liblzma-5.8.3-h8088a28_1.conda
      - conda: https://conda.anaconda.org/conda-forge/osx-arm64/libmpdec-4.0.0-h84a0fba_2.conda
      - conda: https://conda.anaconda.org/conda-forge/osx-arm64/libopenblas-0.3.34-openmp_he657e61_0.conda
      - conda: https://conda.anaconda.org/conda-forge/osx-arm64/libpng-1.6.58-hf5e6511_1.conda
      - conda: https://conda.anaconda.org/conda-forge/osx-arm64/libsqlite-3.53.4-hca69786_1.conda
      - conda: https://conda.anaconda.org/conda-forge/osx-arm64/libtiff-4.7.2-hf67920b_1.conda
      - conda: https://conda.anaconda.org/conda-forge/osx-arm64/libwebp-base-1.6.0-h202fb40_1.conda
      - conda: https://conda.anaconda.org/conda-forge/osx-arm64/libxcb-1.17.0-hbffa61f_1.conda
      - conda: https://conda.anaconda.org/conda-forge/osx-arm64/libzlib-1.3.2-h8088a28_3.conda
      - conda: https://conda.anaconda.org/conda-forge/osx-arm64/llvm-openmp-23.1.0-hdb3d66b_0.conda
      - conda: https://conda.anaconda.org/conda-forge/osx-arm64/ncurses-6.6-he64c551_1.conda
      - conda: https://conda.anaconda.org/conda-forge/osx-arm64/numpy-2.5.2-py313hce9b930_0.conda
      - conda: https://conda.anaconda.org/conda-forge/osx-arm64/openjpeg-2.5.4-hd9e9057_0.conda
      - conda: https://conda.anaconda.org/conda-forge/osx-arm64/openssl-3.6.4-h55eecbc_0.conda
      - conda: https://conda.anaconda.org/conda-forge/osx-arm64/pillow-12.3.0-py313h45e5a15_0.conda
      - conda: https://conda.anaconda.org/conda-forge/osx-arm64/pthread-stubs-0.4-h84a0fba_1003.conda
      - conda: https://conda.anaconda.org/conda-forge/osx-arm64/python-3.13.15-hf1cfe1e_101_cp313.conda
      - conda: https://conda.anaconda.org/conda-forge/osx-arm64/readline-8.3-h8b90a29_1.conda
      - conda: https://conda.anaconda.org/conda-forge/osx-arm64/ruff-0.16.4-h20cfa0c_0.conda
      - conda: https://conda.anaconda.org/conda-forge/osx-arm64/tk-8.6.13-hbeba79b_4.conda
      - conda: https://conda.anaconda.org/conda-forge/osx-arm64/ty-0.0.75-h4fa5828_0.conda
      - conda: https://conda.anaconda.org/conda-forge/osx-arm64/xorg-libxau-1.0.12-h84a0fba_2.conda
      - conda: https://conda.anaconda.org/conda-forge/osx-arm64/xorg-libxdmcp-1.1.5-h84a0fba_2.conda
      - conda: https://conda.anaconda.org/conda-forge/osx-arm64/zlib-ng-2.3.3-h31dac16_1.conda
      - conda: https://conda.anaconda.org/conda-forge/osx-arm64/zstd-1.5.7-hf451053_7.conda
      - pypi: https://files.pythonhosted.org/packages/7e/59/c9104899b9241e45e35bbd6f51700cf7a8a96119fe454270e037ab7aa70c/pillow_avif_plugin-1.6.0-cp313-cp313-macosx_11_0_arm64.whl
packages:
- conda: https://conda.anaconda.org/conda-forge/noarch/_python_abi3_support-1.0-hd8ed1ab_3.conda
  sha256: 2a7204314663eeda5dec482a956f0e2eaf289bd5b9953eaaaad0e81aa64638f2
  md5: 3845f3d75991bae0fb90884662f4327c
  depends:
  - cpython
  - python-gil
  license: MIT
  license_family: MIT
  purls: []
  run_exports: {}
  size: 8144
  timestamp: 1784221492234
- conda: https://conda.anaconda.org/conda-forge/noarch/asgiref-3.11.1-pyhcf101f3_0.conda
  sha256: aaeeaf5129981ac0a50c7615458687a606cebfa259a0a94ed94096645ee0d61c
  md5: 91781fff6c1b3775c47a06b5f5a8f4f1
  depends:
  - python >=3.10
  - typing_extensions >=4
  - python
  license: BSD-3-Clause
  license_family: BSD
  purls:
  - pkg:pypi/asgiref?source=hash-mapping
  run_exports: {}
  size: 28381
  timestamp: 1770273198327
- conda: https://conda.anaconda.org/conda-forge/noarch/ca-certificates-2026.7.22-hbd8a1cb_0.conda
  sha256: 0a0544cf95f64394fe4959286f5c71f5444ad58feb0602e53becb27448d24da6
  md5: 0f51e2391ade309db462a55611263e9c
  depends:
  - __unix
  license: ISC
  purls: []
  run_exports: {}
  size: 131780
  timestamp: 1784754889428
- conda: https://conda.anaconda.org/conda-forge/noarch/colorama-0.4.6-pyhd8ed1ab_1.conda
  sha256: ab29d57dc70786c1269633ba3dff20288b81664d3ff8d21af995742e2bb03287
  md5: 962b9857ee8e7018c22f2776ffa0b2d7
  depends:
  - python >=3.9
  license: BSD-3-Clause
  license_family: BSD
  purls:
  - pkg:pypi/colorama?source=hash-mapping
  run_exports: {}
  size: 27011
  timestamp: 1733218222191
- conda: https://conda.anaconda.org/conda-forge/noarch/cpython-3.13.15-py313hd8ed1ab_101.conda
  noarch: generic
  sha256: 1015448e0fb319fa8bb23148dd6ea34181cbcdc8f1880df61626db1999533a99
  md5: 128ab71e26d605b5d93e058dc7d563cc
  depends:
  - python >=3.13,<3.14.0a0
  - python_abi * *_cp313
  license: Python-2.0
  purls: []
  run_exports: {}
  size: 48329
  timestamp: 1786366745175
- conda: https://conda.anaconda.org/conda-forge/noarch/django-6.1-pyhc364b38_0.conda
  sha256: 0b51dffb063b8e97fb45506278714bc7a8cdad82ee88f6790ae99b36cd9c4b43
  md5: dc78d6e5ec70c21f9aaa33a6edc9e7ce
  depends:
  - python >=3.12
  - asgiref >=3.9.1
  - sqlparse >=0.5.0
  - python
  license: EPL-2.0 AND BSD-3-Clause AND MIT
  purls:
  - pkg:pypi/django?source=hash-mapping
  run_exports: {}
  size: 3741647
  timestamp: 1786030075127
- conda: https://conda.anaconda.org/conda-forge/noarch/exceptiongroup-1.3.1-pyhd8ed1ab_0.conda
  sha256: ee6cf346d017d954255bbcbdb424cddea4d14e4ed7e9813e429db1d795d01144
  md5: 8e662bd460bda79b1ea39194e3c4c9ab
  depends:
  - python >=3.10
  - typing_extensions >=4.6.0
  license: MIT and PSF-2.0
  purls:
  - pkg:pypi/exceptiongroup?source=hash-mapping
  run_exports: {}
  size: 21333
  timestamp: 1763918099466
- conda: https://conda.anaconda.org/conda-forge/noarch/importlib_resources-7.1.0-pyhd8ed1ab_0.conda
  sha256: a563a51aa522998172838e867e6dedcf630bc45796e8612f5a1f6d73e9c8125a
  md5: 0ba6225c279baf7ea9473a62ea0ec9ae
  depends:
  - python >=3.10
  - zipp >=3.1.0
  constrains:
  - importlib-resources >=7.1.0,<7.1.1.0a0
  license: Apache-2.0
  license_family: APACHE
  purls:
  - pkg:pypi/importlib-resources?source=hash-mapping
  run_exports: {}
  size: 34809
  timestamp: 1776068839274
- conda: https://conda.anaconda.org/conda-forge/noarch/iniconfig-2.3.0-pyhd8ed1ab_0.conda
  sha256: e1a9e3b1c8fe62dc3932a616c284b5d8cbe3124bbfbedcf4ce5c828cb166ee19
  md5: 9614359868482abba1bd15ce465e3c42
  depends:
  - python >=3.10
  license: MIT
  license_family: MIT
  purls:
  - pkg:pypi/iniconfig?source=hash-mapping
  run_exports: {}
  size: 13387
  timestamp: 1760831448842
- conda: https://conda.anaconda.org/conda-forge/noarch/nibabel-5.4.2-pyhcf101f3_0.conda
  sha256: b69d81c1570a1a9f25fd90416428d1ad40f49c15e0c1cfe8135ba6c912c985d9
  md5: 0b944dbae0c49b423e51343fa32f2245
  depends:
  - python >=3.10
  - packaging >=20
  - numpy >=1.25
  - importlib_resources >=5.12
  - typing_extensions >=4.6
  - python
  license: MIT
  license_family: MIT
  purls:
  - pkg:pypi/nibabel?source=hash-mapping
  run_exports: {}
  size: 2770866
  timestamp: 1780969059111
- conda: https://conda.anaconda.org/conda-forge/noarch/packaging-26.3-pyhc364b38_0.conda
  sha256: c432626b16768b8dab228bfb706f7060c2d462a21c516d240f68f2f902b5a044
  md5: 936687ed80f295a1f5dbcf8bd34c252c
  depends:
  - python >=3.9
  - python
  license: Apache-2.0
  license_family: APACHE
  purls:
  - pkg:pypi/packaging?source=hash-mapping
  run_exports: {}
  size: 116363
  timestamp: 1785888127370
- conda: https://conda.anaconda.org/conda-forge/noarch/pluggy-1.6.0-pyhf9edf01_1.conda
  sha256: e14aafa63efa0528ca99ba568eaf506eb55a0371d12e6250aaaa61718d2eb62e
  md5: d7585b6550ad04c8c5e21097ada2888e
  depends:
  - python >=3.9
  - python
  license: MIT
  license_family: MIT
  purls:
  - pkg:pypi/pluggy?source=hash-mapping
  run_exports: {}
  size: 25877
  timestamp: 1764896838868
- conda: https://conda.anaconda.org/conda-forge/noarch/pygments-2.21.0-pyhcf101f3_0.conda
  sha256: f5f015ff1bc3e1b7fc08eee096b1865234189ae0b82bebdb86a5369116e42fa0
  md5: 2882dee445dfa45b0c5afce3ffb7730a
  depends:
  - python >=3.10
  - python
  license: BSD-2-Clause
  license_family: BSD
  purls:
  - pkg:pypi/pygments?source=compressed-mapping
  run_exports: {}
  size: 959376
  timestamp: 1786995678795
- conda: https://conda.anaconda.org/conda-forge/noarch/pytest-9.1.1-pyhc364b38_2.conda
  sha256: 430051d80765207a7d782b2b188230ba1489d35c6e75fd9903f76cb9fda4af16
  md5: 64c98a12c4e23eb238bf66bbecafdf3c
  depends:
  - colorama
  - pygments >=2.7.2
  - python >=3.10
  - iniconfig >=1.0.1
  - packaging >=22
  - pluggy >=1.5,<2
  - tomli >=1
  - exceptiongroup >=1
  - python
  constrains:
  - pytest-faulthandler >=2
  license: MIT
  license_family: MIT
  purls:
  - pkg:pypi/pytest?source=hash-mapping
  run_exports: {}
  size: 306724
  timestamp: 1782127176429
- conda: https://conda.anaconda.org/conda-forge/noarch/pytest-django-4.13.0-pyhd8ed1ab_0.conda
  sha256: 25026ddaf8886e698c503a897e8259ca797e19bc55209d14c80144491b68a9cf
  md5: ab39f2bc3a2e75e4c630a2e5a0251769
  depends:
  - pytest >=5.4.0
  - python >=3.10
  license: BSD-3-Clause
  license_family: BSD
  purls:
  - pkg:pypi/pytest-django?source=hash-mapping
  run_exports: {}
  size: 29738
  timestamp: 1785972306658
- conda: https://conda.anaconda.org/conda-forge/noarch/python-gil-3.13.15-h4df99d1_101.conda
  sha256: bc9fcc5c7bf80a382fc2b38a22db3549b39dc5ae114537c32fe610be005d16ba
  md5: c5e565a020c31fd7aba0a87dc2fc29d0
  depends:
  - cpython 3.13.15.*
  - python_abi * *_cp313
  license: Python-2.0
  purls: []
  run_exports: {}
  size: 48362
  timestamp: 1786366765154
- conda: https://conda.anaconda.org/conda-forge/noarch/python_abi-3.13-8_cp313.conda
  build_number: 8
  sha256: 210bffe7b121e651419cb196a2a63687b087497595c9be9d20ebe97dd06060a7
  md5: 94305520c52a4aa3f6c2b1ff6008d9f8
  constrains:
  - python 3.13.* *_cp313
  license: BSD-3-Clause
  license_family: BSD
  purls: []
  run_exports: {}
  size: 7002
  timestamp: 1752805902938
- conda: https://conda.anaconda.org/conda-forge/noarch/sqlparse-0.6.0-pyhcf101f3_0.conda
  sha256: daf581d8fc5a22baa0ab8cceb5ca03cb5381d3f1f12b9725885c47a61d057911
  md5: 16927944c557971e4f215168de9dbcfe
  depends:
  - python >=3.10
  - python
  license: BSD-3-Clause
  license_family: BSD
  purls:
  - pkg:pypi/sqlparse?source=compressed-mapping
  run_exports: {}
  size: 47341
  timestamp: 1786961786485
- conda: https://conda.anaconda.org/conda-forge/noarch/tomli-2.4.1-pyhcf101f3_0.conda
  sha256: 91cafdb64268e43e0e10d30bd1bef5af392e69f00edd34dfaf909f69ab2da6bd
  md5: b5325cf06a000c5b14970462ff5e4d58
  depends:
  - python >=3.10
  - python
  license: MIT
  license_family: MIT
  purls:
  - pkg:pypi/tomli?source=hash-mapping
  run_exports: {}
  size: 21561
  timestamp: 1774492402955
- conda: https://conda.anaconda.org/conda-forge/noarch/typing_extensions-4.16.0-pyhcf101f3_0.conda
  sha256: 2d888f90af0686044882c74193ec80a90ec1943145d94a7b1b048958acda1848
  md5: c70ad746c22219b9700931707482992c
  depends:
  - python >=3.10
  - python
  license: PSF-2.0
  license_family: PSF
  purls:
  - pkg:pypi/typing-extensions?source=hash-mapping
  run_exports: {}
  size: 52631
  timestamp: 1783002732887
- conda: https://conda.anaconda.org/conda-forge/noarch/tzdata-2026c-h151e31d_0.conda
  sha256: b928c30ddcb0e3f544c6eade8352737e6e610e263276b90232db6a578ef899d8
  md5: fcb489df604d100968b737f2cb6076c6
  license: LicenseRef-Public-Domain
  purls: []
  run_exports: {}
  size: 118849
  timestamp: 1784250406640
- conda: https://conda.anaconda.org/conda-forge/noarch/zipp-4.1.0-pyhcf101f3_0.conda
  sha256: 210bd31c22bb88f5e2a167df24c95bb5f152b2ada7502f9b8c49d1f5366db423
  md5: ba3dcdc8584155c97c648ae9c044b7a3
  depends:
  - python >=3.10
  - python
  license: MIT
  license_family: MIT
  purls:
  - pkg:pypi/zipp?source=hash-mapping
  run_exports: {}
  size: 24190
  timestamp: 1779159948016
- conda: https://conda.anaconda.org/conda-forge/osx-arm64/_openmp_mutex-4.5-7_kmp_llvm.conda
  build_number: 7
  sha256: 7acaa2e0782cad032bdaf756b536874346ac1375745fb250e9bdd6a48a7ab3cd
  md5: a44032f282e7d2acdeb1c240308052dd
  depends:
  - llvm-openmp >=9.0.1
  license: BSD-3-Clause
  license_family: BSD
  purls: []
  run_exports:
    weak:
    - _openmp_mutex >=4.5
  size: 8325
  timestamp: 1764092507920
- conda: https://conda.anaconda.org/conda-forge/osx-arm64/bzip2-1.0.8-h4e30115_10.conda
  sha256: 8ec22f0ba25cbfc2e64d70cf29459eccd7ffdf6436f6a6ff15bbfef799f7d4f6
  md5: b50612e7d190b8061ab4e7dc119cf4d5
  depends:
  - __osx >=11.0
  license: bzip2-1.0.6
  license_family: BSD
  purls: []
  run_exports:
    weak:
    - bzip2 >=1.0.8,<2.0a0
  size: 124965
  timestamp: 1785906749812
- conda: https://conda.anaconda.org/conda-forge/osx-arm64/icu-78.3-py310h579977c_2.conda
  sha256: 6cdb5dee54c72e56ab189fb3ad33cb28533553d42590e7e831160248f4416a43
  md5: a5efc0b42bb8b42e97d0a29ae3e3c187
  depends:
  - __osx >=11.0
  license: MIT
  license_family: MIT
  purls: []
  run_exports:
    weak:
    - icu >=78.3,<79.0a0
  size: 14070242
  timestamp: 1786545847761
- conda: https://conda.anaconda.org/conda-forge/osx-arm64/lcms2-2.19.1-hdfa7624_1.conda
  sha256: ccb5598fad3694e79bf54f0eb812e3b3c3dd63d1497e631f5978800eadb9bcc4
  md5: d2f2c7c10e2957647d45589b7701a453
  depends:
  - __osx >=11.0
  - libjpeg-turbo >=3.1.4.1,<4.0a0
  - libtiff >=4.7.1,<4.8.0a0
  license: MIT
  license_family: MIT
  purls: []
  run_exports:
    weak:
    - lcms2 >=2.19.1,<3.0a0
  size: 213747
  timestamp: 1780212240694
- conda: https://conda.anaconda.org/conda-forge/osx-arm64/lerc-4.2.0-h1eee2c3_0.conda
  sha256: c97aa17d16d2ac332ba9f184e82ce8f72dcb10e9a10c5f299030be2d44e191b9
  md5: e429aec4037d5cb8fd34ded9f5dadd39
  depends:
  - __osx >=11.0
  - libcxx >=19
  license: Apache-2.0
  license_family: Apache
  purls: []
  run_exports:
    weak:
    - lerc >=4.2.0,<5.0a0
  size: 166477
  timestamp: 1785036480092
- conda: https://conda.anaconda.org/conda-forge/osx-arm64/libblas-3.11.0-9_h51639a9_openblas.conda
  build_number: 9
  sha256: 0437866fe43b4c911470d3e7ddea18d78390bd7062d9563ce6d38c8ba5798405
  md5: cb1f85be9d88af453fcda3dfba995099
  depends:
  - libopenblas >=0.3.34,<0.3.35.0a0
  - libopenblas >=0.3.34,<1.0a0
  constrains:
  - blas 2.309   openblas
  - libcblas   3.11.0   9*_openblas
  - liblapack  3.11.0   9*_openblas
  - liblapacke 3.11.0   9*_openblas
  - mkl <2027
  license: BSD-3-Clause
  license_family: BSD
  purls: []
  run_exports:
    weak:
    - libblas >=3.11.0,<4.0a0
  size: 18162
  timestamp: 1786058887392
- conda: https://conda.anaconda.org/conda-forge/osx-arm64/libcblas-3.11.0-9_hb0561ab_openblas.conda
  build_number: 9
  sha256: c4c71f20fdb20c86bf6f61c8c31bb349e4055bb4d19928e8580bb5615039cb4b
  md5: a7b6ba94e3ca58bc7d4e1ae4ff95c215
  depends:
  - libblas 3.11.0 9_h51639a9_openblas
  constrains:
  - blas 2.309   openblas
  - liblapack  3.11.0   9*_openblas
  - liblapacke 3.11.0   9*_openblas
  license: BSD-3-Clause
  license_family: BSD
  purls: []
  run_exports:
    weak:
    - libcblas >=3.11.0,<4.0a0
  size: 18110
  timestamp: 1786058893756
- conda: https://conda.anaconda.org/conda-forge/osx-arm64/libcxx-23.1.0-h55c6f16_0.conda
  sha256: d3e5f0b767964af25ef81edffc002f8e822b1a5c55330da1ae3a857f70c4e4ee
  md5: 5303ba06fab927399ed8dfb3227b0af8
  depends:
  - __osx >=11.0
  license: Apache-2.0 WITH LLVM-exception
  license_family: Apache
  purls: []
  run_exports: {}
  size: 575940
  timestamp: 1787698697875
- conda: https://conda.anaconda.org/conda-forge/osx-arm64/libdeflate-1.25-he7e0567_1.conda
  sha256: d896f4aa4ce4c590c2838678cb1917356fdb461d2a189991c0280c818c362172
  md5: 78650d671cb56909bb3e5c13bce310f9
  depends:
  - __osx >=11.0
  license: MIT
  license_family: MIT
  purls: []
  run_exports:
    weak:
    - libdeflate >=1.25,<1.26.0a0
  size: 55727
  timestamp: 1785909153744
- conda: https://conda.anaconda.org/conda-forge/osx-arm64/libexpat-2.8.1-hf6b4638_1.conda
  sha256: 5af74261101e3c777399c6294b2b5d290e508153268eb2e9ff99c4d69834612f
  md5: a915151d5d3c5bf039f5ccc8402a436f
  depends:
  - __osx >=11.0
  constrains:
  - expat 2.8.1.*
  license: MIT
  license_family: MIT
  purls: []
  run_exports: {}
  size: 69362
  timestamp: 1781203631990
- conda: https://conda.anaconda.org/conda-forge/osx-arm64/libffi-3.7.0-h47dc5ef_1.conda
  sha256: 2783389a7b9dda04c62cc54c6bbeb03dd3cef24b3fc642715d02a3fa19464a9a
  md5: 216bbcc23c11e9695b3db4a8771d76eb
  depends:
  - __osx >=11.0
  license: MIT
  license_family: MIT
  purls: []
  run_exports:
    weak:
    - libffi >=3.7.0,<3.8.0a0
  size: 43637
  timestamp: 1787753403688
- conda: https://conda.anaconda.org/conda-forge/osx-arm64/libfreetype-2.14.3-hce30654_2.conda
  sha256: 19ce8bd320414cb6b9889ecbf48a3ded848b0d1068b76ff6bea099bd7387d6f3
  md5: ee1fc5bba400ff0cae27fbf141a1ae0c
  depends:
  - libfreetype6 >=2.14.3
  license: GPL-2.0-only OR FTL
  purls: []
  run_exports: {}
  size: 8367
  timestamp: 1786641013393
- conda: https://conda.anaconda.org/conda-forge/osx-arm64/libfreetype6-2.14.3-h2ed5691_2.conda
  sha256: d9b203d6484ad491b5b5f33d49a9d7a91189d776a9adae53d2b63af18ec11e6a
  md5: 881cfb44ea02cc9849f612725a959660
  depends:
  - __osx >=11.0
  - libpng >=1.6.58,<1.7.0a0
  - libzlib >=1.3.2,<2.0a0
  constrains:
  - freetype >=2.14.3
  license: GPL-2.0-only OR FTL
  purls: []
  run_exports: {}
  size: 340923
  timestamp: 1786641012794
- conda: https://conda.anaconda.org/conda-forge/osx-arm64/libgcc-16.2.0-h3cf6597_4.conda
  sha256: 00b8d07ea98344c72c6e332a09b8060f4176849d5fd0eb78dd5b30176ad97ca4
  md5: 408af8d9d5226ff45ff04756ff1aa91e
  depends:
  - _openmp_mutex
  constrains:
  - libgcc-ng ==16.2.0=*_4
  - libgomp 16.2.0 4
  license: GPL-3.0-only WITH GCC-exception-3.1
  license_family: GPL
  purls: []
  run_exports: {}
  size: 365758
  timestamp: 1787617459249
- conda: https://conda.anaconda.org/conda-forge/osx-arm64/libgfortran-16.2.0-h07b0088_4.conda
  sha256: 7582efbbffc6964093afd80e01c2ac60d89aa4e404cac664544675b9d4d1c5e7
  md5: aa6c627acd0f5709d9c79bf708a7b81b
  depends:
  - libgfortran5 16.2.0 hdb7a957_4
  constrains:
  - libgfortran-ng ==16.2.0=*_4
  license: GPL-3.0-only WITH GCC-exception-3.1
  license_family: GPL
  purls: []
  run_exports: {}
  size: 99624
  timestamp: 1787617544212
- conda: https://conda.anaconda.org/conda-forge/osx-arm64/libgfortran5-16.2.0-hdb7a957_4.conda
  sha256: 902719c38c7a390d305435a362dc83893754c3f933569a38347c434cd1c12540
  md5: d54390644d893d50e739b19145aae45f
  depends:
  - libgcc >=16.2.0
  constrains:
  - libgfortran 16.2.0
  license: GPL-3.0-only WITH GCC-exception-3.1
  license_family: GPL
  purls: []
  run_exports: {}
  size: 554806
  timestamp: 1787617465010
- conda: https://conda.anaconda.org/conda-forge/osx-arm64/libjpeg-turbo-3.2.0-h84a0fba_1.conda
  sha256: 05006418f9392c9b723e8428808db106de0350a497832f95f921b85ff1072310
  md5: b2f8c8e5a7651a1d7c05404c3a159517
  depends:
  - __osx >=11.0
  constrains:
  - jpeg <0.0.0a
  license: IJG AND BSD-3-Clause AND Zlib
  purls: []
  run_exports:
    weak:
    - libjpeg-turbo >=3.2.0,<4.0a0
  size: 558459
  timestamp: 1785896382474
- conda: https://conda.anaconda.org/conda-forge/osx-arm64/liblapack-3.11.0-9_hd9741b5_openblas.conda
  build_number: 9
  sha256: db09e8e6a58415da1d866221cf518e53e84c6766a4500faae716cfa204f696ff
  md5: ecc87ca1e25bd94a08c82904eb4e6846
  depends:
  - libblas 3.11.0 9_h51639a9_openblas
  constrains:
  - blas 2.309   openblas
  - libcblas   3.11.0   9*_openblas
  - liblapacke 3.11.0   9*_openblas
  license: BSD-3-Clause
  license_family: BSD
  purls: []
  run_exports:
    weak:
    - liblapack >=3.11.0,<3.12.0a0
  size: 18144
  timestamp: 1786058899889
- conda: https://conda.anaconda.org/conda-forge/osx-arm64/liblzma-5.8.3-h8088a28_1.conda
  sha256: 23d0630046a3e8b164d8f80f2b74ed2605af2e7050ab9913018056402fae4311
  md5: 8ab10323068b107661a4b9a4af84f3b5
  depends:
  - __osx >=11.0
  constrains:
  - xz 5.8.3.*
  license: 0BSD
  purls: []
  run_exports:
    weak:
    - liblzma >=5.8.3,<6.0a0
  size: 91720
  timestamp: 1786348695846
- conda: https://conda.anaconda.org/conda-forge/osx-arm64/libmpdec-4.0.0-h84a0fba_2.conda
  sha256: 04cc136c5a956a73aa14e0a160b5822b0b29714e67b299fa1b1fd16dbcba5366
  md5: ff33a4dbd93abc8a798cc4e0e7c8136d
  depends:
  - __osx >=11.0
  license: BSD-2-Clause
  license_family: BSD
  purls: []
  run_exports: {}
  size: 73289
  timestamp: 1786651074391
- conda: https://conda.anaconda.org/conda-forge/osx-arm64/libopenblas-0.3.34-openmp_he657e61_0.conda
  sha256: bcf1967f12f1b1cc769dcc77b255fb1b27aaceb2f185450e9596d137bc6ede76
  md5: 89d28fb841cf16211318524fa985e384
  depends:
  - __osx >=11.0
  - libgfortran
  - libgfortran5 >=14.3.0
  - llvm-openmp >=19.1.7
  constrains:
  - openblas >=0.3.34,<0.3.35.0a0
  license: BSD-3-Clause
  license_family: BSD
  purls: []
  run_exports:
    weak:
    - libopenblas >=0.3.34,<1.0a0
  size: 4318474
  timestamp: 1784288246205
- conda: https://conda.anaconda.org/conda-forge/osx-arm64/libpng-1.6.58-hf5e6511_1.conda
  sha256: f88da60b348ee1f3e1a9c20fe02142fdafe889f08da0b1cc33c1f3f14460239d
  md5: e0466c58fd07db190b9a81b5e58539f2
  depends:
  - __osx >=11.0
  - libzlib >=1.3.2,<2.0a0
  license: zlib-acknowledgement
  purls: []
  run_exports:
    weak:
    - libpng >=1.6.58,<1.7.0a0
  size: 290219
  timestamp: 1786616561185
- conda: https://conda.anaconda.org/conda-forge/osx-arm64/libsqlite-3.53.4-hca69786_1.conda
  sha256: 839b31d4830e896b4d315b551d27f2bb08026bc946df04bcc360d8627c3ba2cd
  md5: fde96d40ebe9a9cb34e4122380189ddb
  depends:
  - __osx >=11.0
  - icu >=78.3,<79.0a0
  - libzlib >=1.3.2,<2.0a0
  license: blessing
  purls: []
  run_exports:
    weak:
    - libsqlite >=3.53.4,<4.0a0
  size: 942754
  timestamp: 1787051243846
- conda: https://conda.anaconda.org/conda-forge/osx-arm64/libtiff-4.7.2-hf67920b_1.conda
  sha256: 847d22a86ae28f66d3888702698254d25bb4eac3a0f64c1fabfb1842ac00be4c
  md5: b6b191267455bf202af79f973690ed5d
  depends:
  - __osx >=11.0
  - lerc >=4.2.0,<5.0a0
  - libcxx >=21
  - libdeflate >=1.25,<1.26.0a0
  - libjpeg-turbo >=3.2.0,<4.0a0
  - liblzma >=5.8.3,<6.0a0
  - libwebp-base >=1.6.0,<2.0a0
  - libzlib >=1.3.2,<2.0a0
  - zstd >=1.5.7,<1.6.0a0
  license: HPND
  purls: []
  run_exports:
    weak:
    - libtiff >=4.7.2,<4.8.0a0
  size: 380645
  timestamp: 1787756067271
- conda: https://conda.anaconda.org/conda-forge/osx-arm64/libwebp-base-1.6.0-h202fb40_1.conda
  sha256: 0ff54650d470c7e54cbeffdd53a8c063e055a7bcf784388c0385ce5c4741b0f4
  md5: 168a13e329259710b28277abc1395b8e
  depends:
  - __osx >=11.0
  constrains:
  - libwebp 1.6.0
  license: BSD-3-Clause
  license_family: BSD
  purls: []
  run_exports:
    weak:
    - libwebp-base >=1.6.0,<2.0a0
  size: 294522
  timestamp: 1785955350410
- conda: https://conda.anaconda.org/conda-forge/osx-arm64/libxcb-1.17.0-hbffa61f_1.conda
  sha256: 81f9b4fb64d977c19474d1b5616974757aaac21d55401ea105f21022b386bd28
  md5: 923bf656578743d064f352f0b56ee658
  depends:
  - __osx >=11.0
  - pthread-stubs
  - xorg-libxau >=1.0.12,<2.0a0
  - xorg-libxdmcp >=1.1.5,<2.0a0
  license: MIT
  license_family: MIT
  purls: []
  run_exports:
    weak:
    - libxcb >=1.17.0,<2.0a0
  size: 324264
  timestamp: 1787077544793
- conda: https://conda.anaconda.org/conda-forge/osx-arm64/libzlib-1.3.2-h8088a28_3.conda
  sha256: a18fa5d5bac452401459f966cf0d872224e8080c4ff93c77e168d43ab42ef9d7
  md5: f39288f0ea63ae962e1a2e4f355a0d75
  depends:
  - __osx >=11.0
  constrains:
  - zlib 1.3.2 *_3
  license: Zlib
  license_family: Other
  purls: []
  run_exports:
    weak:
    - libzlib >=1.3.2,<2.0a0
  size: 47822
  timestamp: 1785277049190
- conda: https://conda.anaconda.org/conda-forge/osx-arm64/llvm-openmp-23.1.0-hdb3d66b_0.conda
  sha256: 996d3a9de61c8ccc3fcb265938f9845f11868251f38e6db4e7190de3f9a971a2
  md5: 0affff5130a421d11d4d77ffbb00dad7
  depends:
  - __osx >=11.0
  constrains:
  - intel-openmp <0.0a0
  - openmp 23.1.0|23.1.0.*
  license: Apache-2.0 WITH LLVM-exception
  license_family: APACHE
  purls: []
  run_exports:
    strong:
    - llvm-openmp >=23.1.0
  size: 287808
  timestamp: 1787723323710
- conda: https://conda.anaconda.org/conda-forge/osx-arm64/ncurses-6.6-he64c551_1.conda
  sha256: 7024a48c8c0d0114ed4ab53c76bf9275d50e91ba7cea367a9aead638d3c29c68
  md5: 3dfa0d0316dc246cd44937a557de4501
  depends:
  - __osx >=11.0
  license: X11 AND BSD-3-Clause
  purls: []
  run_exports:
    weak:
    - ncurses >=6.6,<7.0a0
  size: 804298
  timestamp: 1786355189145
- conda: https://conda.anaconda.org/conda-forge/osx-arm64/numpy-2.5.2-py313hce9b930_0.conda
  sha256: e52c4d3d5fa9700fd656df390b90595e508672296482774e0fd43cf4351f5ad9
  md5: be91cc8496c82c94663f30fd1bca734b
  depends:
  - python
  - __osx >=11.0
  - libcxx >=19
  - libcblas >=3.9.0,<4.0a0
  - python_abi 3.13.* *_cp313
  - libblas >=3.9.0,<4.0a0
  - liblapack >=3.9.0,<4.0a0
  constrains:
  - numpy-base <0a0
  license: BSD-3-Clause
  license_family: BSD
  purls:
  - pkg:pypi/numpy?source=hash-mapping
  run_exports:
    weak:
    - numpy >=1.25,<3
  size: 7088694
  timestamp: 1786330629373
- conda: https://conda.anaconda.org/conda-forge/osx-arm64/openjpeg-2.5.4-hd9e9057_0.conda
  sha256: 60aca8b9f94d06b852b296c276b3cf0efba5a6eb9f25feb8708570d3a74f00e4
  md5: 4b5d3a91320976eec71678fad1e3569b
  depends:
  - __osx >=11.0
  - libcxx >=19
  - libpng >=1.6.55,<1.7.0a0
  - libtiff >=4.7.1,<4.8.0a0
  - libzlib >=1.3.1,<2.0a0
  license: BSD-2-Clause
  license_family: BSD
  purls: []
  run_exports:
    weak:
    - openjpeg >=2.5.4,<3.0a0
  size: 319697
  timestamp: 1772625397692
- conda: https://conda.anaconda.org/conda-forge/osx-arm64/openssl-3.6.4-h55eecbc_0.conda
  sha256: f23239eacd75c4c50705e68fae1aa3292da473e6a3a4abe2330f1e6afa680704
  md5: ae71ab40048c19a389a7dcccb86c2481
  depends:
  - __osx >=11.0
  - ca-certificates
  license: Apache-2.0
  license_family: Apache
  purls: []
  run_exports:
    weak:
    - openssl >=3.6.4,<4.0a0
  size: 3110142
  timestamp: 1787698648639
- conda: https://conda.anaconda.org/conda-forge/osx-arm64/pillow-12.3.0-py313h45e5a15_0.conda
  sha256: 98bd4dd560714b500ab2056664beae514993a861364dffc941bd661ab086f726
  md5: da5b19ecf11bee5d980d5f793a80feec
  depends:
  - python
  - __osx >=11.0
  - python 3.13.* *_cp313
  - tk >=8.6.13,<8.7.0a0
  - libfreetype >=2.14.3
  - libfreetype6 >=2.14.3
  - python_abi 3.13.* *_cp313
  - lcms2 >=2.19.1,<3.0a0
  - libwebp-base >=1.6.0,<2.0a0
  - zlib-ng >=2.3.3,<2.4.0a0
  - openjpeg >=2.5.4,<3.0a0
  - libxcb >=1.17.0,<2.0a0
  - libtiff >=4.7.1,<4.8.0a0
  - libjpeg-turbo >=3.1.4.1,<4.0a0
  license: HPND
  purls:
  - pkg:pypi/pillow?source=hash-mapping
  run_exports: {}
  size: 990406
  timestamp: 1782912213683
- conda: https://conda.anaconda.org/conda-forge/osx-arm64/pthread-stubs-0.4-h84a0fba_1003.conda
  sha256: 1c2338b9b0486af86883b9593d2f3e2845bbf216ea453dfe5d9a228e8dbe4057
  md5: d4852e6054b74645cf49ca10f6349191
  depends:
  - __osx >=11.0
  license: MIT
  license_family: MIT
  purls: []
  run_exports: {}
  size: 9238
  timestamp: 1786068031100
- conda: https://conda.anaconda.org/conda-forge/osx-arm64/python-3.13.15-hf1cfe1e_101_cp313.conda
  build_number: 101
  sha256: 5d581f5236760dfd35b516cc4268b06d6d05cd6f96720083ec0c8a9300218270
  md5: d63c64caf641d0767f776336134a88a5
  depends:
  - __osx >=11.0
  - bzip2 >=1.0.8,<2.0a0
  - libexpat >=2.8.1,<3.0a0
  - libffi >=3.7.0,<3.8.0a0
  - liblzma >=5.8.3,<6.0a0
  - libmpdec >=4.0.0,<5.0a0
  - libsqlite >=3.53.4,<4.0a0
  - libzlib >=1.3.2,<2.0a0
  - ncurses >=6.6,<7.0a0
  - openssl >=3.5.7,<4.0a0
  - python_abi 3.13.* *_cp313
  - readline >=8.3,<9.0a0
  - tk >=8.6.13,<8.7.0a0
  - tzdata
  license: Python-2.0
  purls: []
  run_exports:
    weak:
    - python_abi 3.13.* *_cp313
    noarch:
    - python
  size: 17119404
  timestamp: 1786367447230
  python_site_packages_path: lib/python3.13/site-packages
- conda: https://conda.anaconda.org/conda-forge/osx-arm64/readline-8.3-h8b90a29_1.conda
  sha256: d6782b430e6dce4fe8c7ac118cd988d5a193eb4a7f60741edfaede58016b6110
  md5: 9347fd56a002e6b58946831d48fe62f6
  depends:
  - __osx >=11.0
  - ncurses >=6.6,<7.0a0
  license: GPL-3.0-only
  license_family: GPL
  purls: []
  run_exports:
    weak:
    - readline >=8.3,<9.0a0
  size: 314395
  timestamp: 1787033878899
- conda: https://conda.anaconda.org/conda-forge/osx-arm64/ruff-0.16.4-h20cfa0c_0.conda
  noarch: python
  sha256: 9d4aacc6049819bbe59be39ff3a26a8bd8ebf5f27a9eb6683eaf008b651eb16f
  md5: a28840b14fb8bbb7b81fe1fde21d7f55
  depends:
  - python
  - __osx >=11.0
  constrains:
  - __osx >=11.0
  license: MIT
  license_family: MIT
  purls:
  - pkg:pypi/ruff?source=compressed-mapping
  run_exports: {}
  size: 8202144
  timestamp: 1787258082982
- conda: https://conda.anaconda.org/conda-forge/osx-arm64/tk-8.6.13-hbeba79b_4.conda
  sha256: 857d89087ae7f2c328cf256728affcb7343031a148b4af847334d248a9cf564c
  md5: 90a01bf394d1c594e0eb9258f967d828
  depends:
  - __osx >=11.0
  - libzlib >=1.3.2,<2.0a0
  license: TCL
  purls: []
  run_exports:
    weak:
    - tk >=8.6.13,<8.7.0a0
  size: 3342183
  timestamp: 1787272852357
- conda: https://conda.anaconda.org/conda-forge/osx-arm64/ty-0.0.75-h4fa5828_0.conda
  noarch: python
  sha256: 9e43e7f694e766c9881fec3006d9dbf13ed373760efe8295d02e5598d879f698
  md5: 2a54460ca096cced69f3279f8ad2ac38
  depends:
  - python
  - __osx >=11.0
  - _python_abi3_support 1.*
  - cpython >=3.10
  constrains:
  - __osx >=11.0
  license: MIT
  license_family: MIT
  purls:
  - pkg:pypi/ty?source=hash-mapping
  run_exports: {}
  size: 10151006
  timestamp: 1787782493038
- conda: https://conda.anaconda.org/conda-forge/osx-arm64/xorg-libxau-1.0.12-h84a0fba_2.conda
  sha256: 5c5ea38ceec008e4ff40111fc166b04086fca310b0aa9e5bd46f65e6b0dcb71d
  md5: 31d71ce1b056f69b6ec67ee0712bdf97
  depends:
  - __osx >=11.0
  license: MIT
  license_family: MIT
  purls: []
  run_exports:
    weak:
    - xorg-libxau >=1.0.12,<2.0a0
  size: 15124
  timestamp: 1786381585975
- conda: https://conda.anaconda.org/conda-forge/osx-arm64/xorg-libxdmcp-1.1.5-h84a0fba_2.conda
  sha256: 2f6915f0897ace4a1b5d66d0463079f7bc9819b0048c03677e47764f0a743499
  md5: f51e9414bf1b7bb556aac1a0b74a75fe
  depends:
  - __osx >=11.0
  license: MIT
  license_family: MIT
  purls: []
  run_exports:
    weak:
    - xorg-libxdmcp >=1.1.5,<2.0a0
  size: 19486
  timestamp: 1786381546642
- conda: https://conda.anaconda.org/conda-forge/osx-arm64/zlib-ng-2.3.3-h31dac16_1.conda
  sha256: 489a29915a3e1b425cff4df10a448f55bbaaf29d777a0f8a9e381444e6a284f1
  md5: 4621ded2fd5b36f51454d5f81bff4ec1
  depends:
  - __osx >=11.0
  - libcxx >=21
  license: Zlib
  license_family: Other
  purls: []
  run_exports:
    weak:
    - zlib-ng >=2.3.3,<2.4.0a0
  size: 95857
  timestamp: 1786737243497
- conda: https://conda.anaconda.org/conda-forge/osx-arm64/zstd-1.5.7-hf451053_7.conda
  sha256: da867f5092eb0cb746d353694f0098031fd9817a4ce7d5743121209ae0f406ca
  md5: 4ec2684c73812cc2c3d78379384a39cc
  depends:
  - __osx >=11.0
  - libzlib >=1.3.2,<2.0a0
  license: BSD-3-Clause
  license_family: BSD
  purls: []
  run_exports:
    weak:
    - zstd >=1.5.7,<1.6.0a0
  size: 433687
  timestamp: 1786599629846
- pypi: https://files.pythonhosted.org/packages/7e/59/c9104899b9241e45e35bbd6f51700cf7a8a96119fe454270e037ab7aa70c/pillow_avif_plugin-1.6.0-cp313-cp313-macosx_11_0_arm64.whl
  name: pillow-avif-plugin
  version: 1.6.0
  sha256: 86b00124b01ad6cc859145b209e6698ef6371abe9ef57f8a69c20b2572b92a69
  requires_dist:
  - pytest ; extra == 'tests'
  - packaging ; extra == 'tests'
  - pytest-cov ; extra == 'tests'
  - test-image-results ; extra == 'tests'
  - pillow ; extra == 'tests'
